
Microsoft Visual Studio Solution File, Format Version 12.00
# Visual Studio Version 17
VisualStudioVersion = 17.3.32929.385
MinimumVisualStudioVersion = 10.0.40219.1
Project("{FAE04EC0-301F-11D3-BF4B-00C04F79EFBC}") = "SeriLogDemo_Net6", "SeriLogDemo_Net6\SeriLogDemo_Net6.csproj", "{6626B6D7-FA8B-4731-854C-3D81DA83E3BB}"
EndProject
Global
	GlobalSection(SolutionConfigurationPlatforms) = preSolution
		Debug|Any CPU = Debug|Any CPU
		Release|Any CPU = Release|Any CPU
	EndGlobalSection
	GlobalSection(ProjectConfigurationPlatforms) = postSolution
		{6626B6D7-FA8B-4731-854C-3D81DA83E3BB}.Debug|Any CPU.ActiveCfg = Debug|Any CPU
		{6626B6D7-FA8B-4731-854C-3D81DA83E3BB}.Debug|Any CPU.Build.0 = Debug|Any CPU
		{6626B6D7-FA8B-4731-854C-3D81DA83E3BB}.Release|Any CPU.ActiveCfg = Release|Any CPU
		{6626B6D7-FA8B-4731-854C-3D81DA83E3BB}.Release|Any CPU.Build.0 = Release|Any CPU
	EndGlobalSection
	GlobalSection(SolutionProperties) = preSolution
		HideSolutionNode = FALSE
	EndGlobalSection
	GlobalSection(ExtensibilityGlobals) = postSolution
		SolutionGuid = {7443D46E-8795-4202-9EE0-E87FF936EEAF}
	EndGlobalSection
EndGlobal
